
Microsoft Visual Studio Solution File, Format Version 12.00
# Visual Studio 15
VisualStudioVersion = 15.0.28307.168
MinimumVisualStudioVersion = 10.0.40219.1
Project("{FAE04EC0-301F-11D3-BF4B-00C04F79EFBC}") = "WpfAppUI", "WpfAppUI\WpfAppUI.csproj", "{D5BB36F3-A0B5-49AA-B4C9-842596D2F57A}"
EndProject
Global
	GlobalSection(SolutionConfigurationPlatforms) = preSolution
		Debug|Any CPU = Debug|Any CPU
		Release|Any CPU = Release|Any CPU
	EndGlobalSection
	GlobalSection(ProjectConfigurationPlatforms) = postSolution
		{D5BB36F3-A0B5-49AA-B4C9-842596D2F57A}.Debug|Any CPU.ActiveCfg = Debug|Any CPU
		{D5BB36F3-A0B5-49AA-B4C9-842596D2F57A}.Debug|Any CPU.Build.0 = Debug|Any CPU
		{D5BB36F3-A0B5-49AA-B4C9-842596D2F57A}.Release|Any CPU.ActiveCfg = Release|Any CPU
		{D5BB36F3-A0B5-49AA-B4C9-842596D2F57A}.Release|Any CPU.Build.0 = Release|Any CPU
	EndGlobalSection
	GlobalSection(SolutionProperties) = preSolution
		HideSolutionNode = FALSE
	EndGlobalSection
	GlobalSection(ExtensibilityGlobals) = postSolution
		SolutionGuid = {9EB49E2D-DCB4-45A3-B56B-BDA1AF298205}
	EndGlobalSection
EndGlobal
